
Microsoft Visual Studio Solution File, Format Version 12.00
# Visual Studio Version 17
VisualStudioVersion = 17.0.32014.148
MinimumVisualStudioVersion = 10.0.40219.1
Project("{9A19103F-16F7-4668-BE54-9A1E7A4F7556}") = "CapaDatos", "CapaDatos\CapaDatos.csproj", "{CEB41830-971E-447B-B0A4-66C57227161B}"
EndProject
Project("{9A19103F-16F7-4668-BE54-9A1E7A4F7556}") = "ProyectoAdo", "ProyectoAdo\ProyectoAdo.csproj", "{BB5D10DD-DC4E-44D1-98EB-8E954F5F61C9}"
EndProject
Project("{FAE04EC0-301F-11D3-BF4B-00C04F79EFBC}") = "Utilidad", "Utilidad\Utilidad.csproj", "{77702F52-572D-4D95-8C7C-8E71241CBCA4}"
EndProject
Global
	GlobalSection(SolutionConfigurationPlatforms) = preSolution
		Debug|Any CPU = Debug|Any CPU
		Release|Any CPU = Release|Any CPU
	EndGlobalSection
	GlobalSection(ProjectConfigurationPlatforms) = postSolution
		{CEB41830-971E-447B-B0A4-66C57227161B}.Debug|Any CPU.ActiveCfg = Debug|Any CPU
		{CEB41830-971E-447B-B0A4-66C57227161B}.Debug|Any CPU.Build.0 = Debug|Any CPU
		{CEB41830-971E-447B-B0A4-66C57227161B}.Release|Any CPU.ActiveCfg = Release|Any CPU
		{CEB41830-971E-447B-B0A4-66C57227161B}.Release|Any CPU.Build.0 = Release|Any CPU
		{BB5D10DD-DC4E-44D1-98EB-8E954F5F61C9}.Debug|Any CPU.ActiveCfg = Debug|Any CPU
		{BB5D10DD-DC4E-44D1-98EB-8E954F5F61C9}.Debug|Any CPU.Build.0 = Debug|Any CPU
		{BB5D10DD-DC4E-44D1-98EB-8E954F5F61C9}.Release|Any CPU.ActiveCfg = Release|Any CPU
		{BB5D10DD-DC4E-44D1-98EB-8E954F5F61C9}.Release|Any CPU.Build.0 = Release|Any CPU
		{77702F52-572D-4D95-8C7C-8E71241CBCA4}.Debug|Any CPU.ActiveCfg = Debug|Any CPU
		{77702F52-572D-4D95-8C7C-8E71241CBCA4}.Debug|Any CPU.Build.0 = Debug|Any CPU
		{77702F52-572D-4D95-8C7C-8E71241CBCA4}.Release|Any CPU.ActiveCfg = Release|Any CPU
		{77702F52-572D-4D95-8C7C-8E71241CBCA4}.Release|Any CPU.Build.0 = Release|Any CPU
	EndGlobalSection
	GlobalSection(SolutionProperties) = preSolution
		HideSolutionNode = FALSE
	EndGlobalSection
	GlobalSection(ExtensibilityGlobals) = postSolution
		SolutionGuid = {AE4C5AA8-3AAF-4532-B437-F2A11385C1B5}
	EndGlobalSection
EndGlobal
